
Microsoft Visual Studio Solution File, Format Version 12.00
# Visual Studio 15
VisualStudioVersion = 15.0.28307.1062
MinimumVisualStudioVersion = 10.0.40219.1
Project("{FAE04EC0-301F-11D3-BF4B-00C04F79EFBC}") = "CB_V1.Android", "CB_V1\CB_V1.Android\CB_V1.Android.csproj", "{98CF13ED-5EEC-4A38-AC55-B104A6D02BFF}"
EndProject
Project("{FAE04EC0-301F-11D3-BF4B-00C04F79EFBC}") = "CB_V1.iOS", "CB_V1\CB_V1.iOS\CB_V1.iOS.csproj", "{4960625F-331B-46D0-98BF-15783D728EBB}"
EndProject
Project("{FAE04EC0-301F-11D3-BF4B-00C04F79EFBC}") = "CB_V1", "CB_V1\CB_V1\CB_V1.csproj", "{D6A07E08-119B-4640-B19E-F02012360741}"
EndProject
Project("{FAE04EC0-301F-11D3-BF4B-00C04F79EFBC}") = "CB_Database", "CB_Database\CB_Database.csproj", "{74FD82E8-D4A0-4BF4-8EC2-1FC29BB983C7}"
EndProject
Global
	GlobalSection(SolutionConfigurationPlatforms) = preSolution
		Ad-Hoc|Any CPU = Ad-Hoc|Any CPU
		Ad-Hoc|iPhone = Ad-Hoc|iPhone
		Ad-Hoc|iPhoneSimulator = Ad-Hoc|iPhoneSimulator
		AppStore|Any CPU = AppStore|Any CPU
		AppStore|iPhone = AppStore|iPhone
		AppStore|iPhoneSimulator = AppStore|iPhoneSimulator
		Debug|Any CPU = Debug|Any CPU
		Debug|iPhone = Debug|iPhone
		Debug|iPhoneSimulator = Debug|iPhoneSimulator
		Release|Any CPU = Release|Any CPU
		Release|iPhone = Release|iPhone
		Release|iPhoneSimulator = Release|iPhoneSimulator
	EndGlobalSection
	GlobalSection(ProjectConfigurationPlatforms) = postSolution
		{98CF13ED-5EEC-4A38-AC55-B104A6D02BFF}.Ad-Hoc|Any CPU.ActiveCfg = Release|Any CPU
		{98CF13ED-5EEC-4A38-AC55-B104A6D02BFF}.Ad-Hoc|Any CPU.Build.0 = Release|Any CPU
		{98CF13ED-5EEC-4A38-AC55-B104A6D02BFF}.Ad-Hoc|Any CPU.Deploy.0 = Release|Any CPU
		{98CF13ED-5EEC-4A38-AC55-B104A6D02BFF}.Ad-Hoc|iPhone.ActiveCfg = Release|Any CPU
		{98CF13ED-5EEC-4A38-AC55-B104A6D02BFF}.Ad-Hoc|iPhone.Build.0 = Release|Any CPU
		{98CF13ED-5EEC-4A38-AC55-B104A6D02BFF}.Ad-Hoc|iPhone.Deploy.0 = Release|Any CPU
		{98CF13ED-5EEC-4A38-AC55-B104A6D02BFF}.Ad-Hoc|iPhoneSimulator.ActiveCfg = Release|Any CPU
		{98CF13ED-5EEC-4A38-AC55-B104A6D02BFF}.Ad-Hoc|iPhoneSimulator.Build.0 = Release|Any CPU
		{98CF13ED-5EEC-4A38-AC55-B104A6D02BFF}.Ad-Hoc|iPhoneSimulator.Deploy.0 = Release|Any CPU
		{98CF13ED-5EEC-4A38-AC55-B104A6D02BFF}.AppStore|Any CPU.ActiveCfg = Release|Any CPU
		{98CF13ED-5EEC-4A38-AC55-B104A6D02BFF}.AppStore|Any CPU.Build.0 = Release|Any CPU
		{98CF13ED-5EEC-4A38-AC55-B104A6D02BFF}.AppStore|Any CPU.Deploy.0 = Release|Any CPU
		{98CF13ED-5EEC-4A38-AC55-B104A6D02BFF}.AppStore|iPhone.ActiveCfg = Release|Any CPU
		{98CF13ED-5EEC-4A38-AC55-B104A6D02BFF}.AppStore|iPhone.Build.0 = Release|Any CPU
		{98CF13ED-5EEC-4A38-AC55-B104A6D02BFF}.AppStore|iPhone.Deploy.0 = Release|Any CPU
		{98CF13ED-5EEC-4A38-AC55-B104A6D02BFF}.AppStore|iPhoneSimulator.ActiveCfg = Release|Any CPU
		{98CF13ED-5EEC-4A38-AC55-B104A6D02BFF}.AppStore|iPhoneSimulator.Build.0 = Release|Any CPU
		{98CF13ED-5EEC-4A38-AC55-B104A6D02BFF}.AppStore|iPhoneSimulator.Deploy.0 = Release|Any CPU
		{98CF13ED-5EEC-4A38-AC55-B104A6D02BFF}.Debug|Any CPU.ActiveCfg = Debug|Any CPU
		{98CF13ED-5EEC-4A38-AC55-B104A6D02BFF}.Debug|Any CPU.Build.0 = Debug|Any CPU
		{98CF13ED-5EEC-4A38-AC55-B104A6D02BFF}.Debug|Any CPU.Deploy.0 = Debug|Any CPU
		{98CF13ED-5EEC-4A38-AC55-B104A6D02BFF}.Debug|iPhone.ActiveCfg = Debug|Any CPU
		{98CF13ED-5EEC-4A38-AC55-B104A6D02BFF}.Debug|iPhone.Build.0 = Debug|Any CPU
		{98CF13ED-5EEC-4A38-AC55-B104A6D02BFF}.Debug|iPhone.Deploy.0 = Debug|Any CPU
		{98CF13ED-5EEC-4A38-AC55-B104A6D02BFF}.Debug|iPhoneSimulator.ActiveCfg = Debug|Any CPU
		{98CF13ED-5EEC-4A38-AC55-B104A6D02BFF}.Debug|iPhoneSimulator.Build.0 = Debug|Any CPU
		{98CF13ED-5EEC-4A38-AC55-B104A6D02BFF}.Debug|iPhoneSimulator.Deploy.0 = Debug|Any CPU
		{98CF13ED-5EEC-4A38-AC55-B104A6D02BFF}.Release|Any CPU.ActiveCfg = Release|Any CPU
		{98CF13ED-5EEC-4A38-AC55-B104A6D02BFF}.Release|Any CPU.Build.0 = Release|Any CPU
		{98CF13ED-5EEC-4A38-AC55-B104A6D02BFF}.Release|Any CPU.Deploy.0 = Release|Any CPU
		{98CF13ED-5EEC-4A38-AC55-B104A6D02BFF}.Release|iPhone.ActiveCfg = Release|Any CPU
		{98CF13ED-5EEC-4A38-AC55-B104A6D02BFF}.Release|iPhone.Build.0 = Release|Any CPU
		{98CF13ED-5EEC-4A38-AC55-B104A6D02BFF}.Release|iPhone.Deploy.0 = Release|Any CPU
		{98CF13ED-5EEC-4A38-AC55-B104A6D02BFF}.Release|iPhoneSimulator.ActiveCfg = Release|Any CPU
		{98CF13ED-5EEC-4A38-AC55-B104A6D02BFF}.Release|iPhoneSimulator.Build.0 = Release|Any CPU
		{98CF13ED-5EEC-4A38-AC55-B104A6D02BFF}.Release|iPhoneSimulator.Deploy.0 = Release|Any CPU
		{4960625F-331B-46D0-98BF-15783D728EBB}.Ad-Hoc|Any CPU.ActiveCfg = Ad-Hoc|iPhone
		{4960625F-331B-46D0-98BF-15783D728EBB}.Ad-Hoc|Any CPU.Build.0 = Ad-Hoc|iPhone
		{4960625F-331B-46D0-98BF-15783D728EBB}.Ad-Hoc|Any CPU.Deploy.0 = Ad-Hoc|iPhone
		{4960625F-331B-46D0-98BF-15783D728EBB}.Ad-Hoc|iPhone.ActiveCfg = Ad-Hoc|iPhone
		{4960625F-331B-46D0-98BF-15783D728EBB}.Ad-Hoc|iPhone.Build.0 = Ad-Hoc|iPhone
		{4960625F-331B-46D0-98BF-15783D728EBB}.Ad-Hoc|iPhone.Deploy.0 = Ad-Hoc|iPhone
		{4960625F-331B-46D0-98BF-15783D728EBB}.Ad-Hoc|iPhoneSimulator.ActiveCfg = Ad-Hoc|iPhoneSimulator
		{4960625F-331B-46D0-98BF-15783D728EBB}.Ad-Hoc|iPhoneSimulator.Build.0 = Ad-Hoc|iPhoneSimulator
		{4960625F-331B-46D0-98BF-15783D728EBB}.Ad-Hoc|iPhoneSimulator.Deploy.0 = Ad-Hoc|iPhoneSimulator
		{4960625F-331B-46D0-98BF-15783D728EBB}.AppStore|Any CPU.ActiveCfg = AppStore|iPhone
		{4960625F-331B-46D0-98BF-15783D728EBB}.AppStore|Any CPU.Build.0 = AppStore|iPhone
		{4960625F-331B-46D0-98BF-15783D728EBB}.AppStore|Any CPU.Deploy.0 = AppStore|iPhone
		{4960625F-331B-46D0-98BF-15783D728EBB}.AppStore|iPhone.ActiveCfg = AppStore|iPhone
		{4960625F-331B-46D0-98BF-15783D728EBB}.AppStore|iPhone.Build.0 = AppStore|iPhone
		{4960625F-331B-46D0-98BF-15783D728EBB}.AppStore|iPhone.Deploy.0 = AppStore|iPhone
		{4960625F-331B-46D0-98BF-15783D728EBB}.AppStore|iPhoneSimulator.ActiveCfg = AppStore|iPhoneSimulator
		{4960625F-331B-46D0-98BF-15783D728EBB}.AppStore|iPhoneSimulator.Build.0 = AppStore|iPhoneSimulator
		{4960625F-331B-46D0-98BF-15783D728EBB}.AppStore|iPhoneSimulator.Deploy.0 = AppStore|iPhoneSimulator
		{4960625F-331B-46D0-98BF-15783D728EBB}.Debug|Any CPU.ActiveCfg = Debug|iPhoneSimulator
		{4960625F-331B-46D0-98BF-15783D728EBB}.Debug|Any CPU.Build.0 = Debug|iPhoneSimulator
		{4960625F-331B-46D0-98BF-15783D728EBB}.Debug|Any CPU.Deploy.0 = Debug|iPhoneSimulator
		{4960625F-331B-46D0-98BF-15783D728EBB}.Debug|iPhone.ActiveCfg = Debug|iPhone
		{4960625F-331B-46D0-98BF-15783D728EBB}.Debug|iPhone.Build.0 = Debug|iPhone
		{4960625F-331B-46D0-98BF-15783D728EBB}.Debug|iPhone.Deploy.0 = Debug|iPhone
		{4960625F-331B-46D0-98BF-15783D728EBB}.Debug|iPhoneSimulator.ActiveCfg = Debug|iPhoneSimulator
		{4960625F-331B-46D0-98BF-15783D728EBB}.Debug|iPhoneSimulator.Build.0 = Debug|iPhoneSimulator
		{4960625F-331B-46D0-98BF-15783D728EBB}.Debug|iPhoneSimulator.Deploy.0 = Debug|iPhoneSimulator
		{4960625F-331B-46D0-98BF-15783D728EBB}.Release|Any CPU.ActiveCfg = Release|iPhone
		{4960625F-331B-46D0-98BF-15783D728EBB}.Release|Any CPU.Build.0 = Release|iPhone
		{4960625F-331B-46D0-98BF-15783D728EBB}.Release|Any CPU.Deploy.0 = Release|iPhone
		{4960625F-331B-46D0-98BF-15783D728EBB}.Release|iPhone.ActiveCfg = Release|iPhone
		{4960625F-331B-46D0-98BF-15783D728EBB}.Release|iPhone.Build.0 = Release|iPhone
		{4960625F-331B-46D0-98BF-15783D728EBB}.Release|iPhone.Deploy.0 = Release|iPhone
		{4960625F-331B-46D0-98BF-15783D728EBB}.Release|iPhoneSimulator.ActiveCfg = Release|iPhoneSimulator
		{4960625F-331B-46D0-98BF-15783D728EBB}.Release|iPhoneSimulator.Build.0 = Release|iPhoneSimulator
		{4960625F-331B-46D0-98BF-15783D728EBB}.Release|iPhoneSimulator.Deploy.0 = Release|iPhoneSimulator
		{D6A07E08-119B-4640-B19E-F02012360741}.Ad-Hoc|Any CPU.ActiveCfg = Debug|Any CPU
		{D6A07E08-119B-4640-B19E-F02012360741}.Ad-Hoc|Any CPU.Build.0 = Debug|Any CPU
		{D6A07E08-119B-4640-B19E-F02012360741}.Ad-Hoc|Any CPU.Deploy.0 = Debug|Any CPU
		{D6A07E08-119B-4640-B19E-F02012360741}.Ad-Hoc|iPhone.ActiveCfg = Debug|Any CPU
		{D6A07E08-119B-4640-B19E-F02012360741}.Ad-Hoc|iPhone.Build.0 = Debug|Any CPU
		{D6A07E08-119B-4640-B19E-F02012360741}.Ad-Hoc|iPhone.Deploy.0 = Debug|Any CPU
		{D6A07E08-119B-4640-B19E-F02012360741}.Ad-Hoc|iPhoneSimulator.ActiveCfg = Debug|Any CPU
		{D6A07E08-119B-4640-B19E-F02012360741}.Ad-Hoc|iPhoneSimulator.Build.0 = Debug|Any CPU
		{D6A07E08-119B-4640-B19E-F02012360741}.Ad-Hoc|iPhoneSimulator.Deploy.0 = Debug|Any CPU
		{D6A07E08-119B-4640-B19E-F02012360741}.AppStore|Any CPU.ActiveCfg = Debug|Any CPU
		{D6A07E08-119B-4640-B19E-F02012360741}.AppStore|Any CPU.Build.0 = Debug|Any CPU
		{D6A07E08-119B-4640-B19E-F02012360741}.AppStore|Any CPU.Deploy.0 = Debug|Any CPU
		{D6A07E08-119B-4640-B19E-F02012360741}.AppStore|iPhone.ActiveCfg = Debug|Any CPU
		{D6A07E08-119B-4640-B19E-F02012360741}.AppStore|iPhone.Build.0 = Debug|Any CPU
		{D6A07E08-119B-4640-B19E-F02012360741}.AppStore|iPhone.Deploy.0 = Debug|Any CPU
		{D6A07E08-119B-4640-B19E-F02012360741}.AppStore|iPhoneSimulator.ActiveCfg = Debug|Any CPU
		{D6A07E08-119B-4640-B19E-F02012360741}.AppStore|iPhoneSimulator.Build.0 = Debug|Any CPU
		{D6A07E08-119B-4640-B19E-F02012360741}.AppStore|iPhoneSimulator.Deploy.0 = Debug|Any CPU
		{D6A07E08-119B-4640-B19E-F02012360741}.Debug|Any CPU.ActiveCfg = Debug|Any CPU
		{D6A07E08-119B-4640-B19E-F02012360741}.Debug|Any CPU.Build.0 = Debug|Any CPU
		{D6A07E08-119B-4640-B19E-F02012360741}.Debug|Any CPU.Deploy.0 = Debug|Any CPU
		{D6A07E08-119B-4640-B19E-F02012360741}.Debug|iPhone.ActiveCfg = Debug|Any CPU
		{D6A07E08-119B-4640-B19E-F02012360741}.Debug|iPhone.Build.0 = Debug|Any CPU
		{D6A07E08-119B-4640-B19E-F02012360741}.Debug|iPhone.Deploy.0 = Debug|Any CPU
		{D6A07E08-119B-4640-B19E-F02012360741}.Debug|iPhoneSimulator.ActiveCfg = Debug|Any CPU
		{D6A07E08-119B-4640-B19E-F02012360741}.Debug|iPhoneSimulator.Build.0 = Debug|Any CPU
		{D6A07E08-119B-4640-B19E-F02012360741}.Debug|iPhoneSimulator.Deploy.0 = Debug|Any CPU
		{D6A07E08-119B-4640-B19E-F02012360741}.Release|Any CPU.ActiveCfg = Release|Any CPU
		{D6A07E08-119B-4640-B19E-F02012360741}.Release|Any CPU.Build.0 = Release|Any CPU
		{D6A07E08-119B-4640-B19E-F02012360741}.Release|Any CPU.Deploy.0 = Release|Any CPU
		{D6A07E08-119B-4640-B19E-F02012360741}.Release|iPhone.ActiveCfg = Release|Any CPU
		{D6A07E08-119B-4640-B19E-F02012360741}.Release|iPhone.Build.0 = Release|Any CPU
		{D6A07E08-119B-4640-B19E-F02012360741}.Release|iPhone.Deploy.0 = Release|Any CPU
		{D6A07E08-119B-4640-B19E-F02012360741}.Release|iPhoneSimulator.ActiveCfg = Release|Any CPU
		{D6A07E08-119B-4640-B19E-F02012360741}.Release|iPhoneSimulator.Build.0 = Release|Any CPU
		{D6A07E08-119B-4640-B19E-F02012360741}.Release|iPhoneSimulator.Deploy.0 = Release|Any CPU
		{74FD82E8-D4A0-4BF4-8EC2-1FC29BB983C7}.Ad-Hoc|Any CPU.ActiveCfg = Debug|Any CPU
		{74FD82E8-D4A0-4BF4-8EC2-1FC29BB983C7}.Ad-Hoc|Any CPU.Build.0 = Debug|Any CPU
		{74FD82E8-D4A0-4BF4-8EC2-1FC29BB983C7}.Ad-Hoc|iPhone.ActiveCfg = Debug|Any CPU
		{74FD82E8-D4A0-4BF4-8EC2-1FC29BB983C7}.Ad-Hoc|iPhone.Build.0 = Debug|Any CPU
		{74FD82E8-D4A0-4BF4-8EC2-1FC29BB983C7}.Ad-Hoc|iPhoneSimulator.ActiveCfg = Debug|Any CPU
		{74FD82E8-D4A0-4BF4-8EC2-1FC29BB983C7}.Ad-Hoc|iPhoneSimulator.Build.0 = Debug|Any CPU
		{74FD82E8-D4A0-4BF4-8EC2-1FC29BB983C7}.AppStore|Any CPU.ActiveCfg = Debug|Any CPU
		{74FD82E8-D4A0-4BF4-8EC2-1FC29BB983C7}.AppStore|Any CPU.Build.0 = Debug|Any CPU
		{74FD82E8-D4A0-4BF4-8EC2-1FC29BB983C7}.AppStore|iPhone.ActiveCfg = Debug|Any CPU
		{74FD82E8-D4A0-4BF4-8EC2-1FC29BB983C7}.AppStore|iPhone.Build.0 = Debug|Any CPU
		{74FD82E8-D4A0-4BF4-8EC2-1FC29BB983C7}.AppStore|iPhoneSimulator.ActiveCfg = Debug|Any CPU
		{74FD82E8-D4A0-4BF4-8EC2-1FC29BB983C7}.AppStore|iPhoneSimulator.Build.0 = Debug|Any CPU
		{74FD82E8-D4A0-4BF4-8EC2-1FC29BB983C7}.Debug|Any CPU.ActiveCfg = Debug|Any CPU
		{74FD82E8-D4A0-4BF4-8EC2-1FC29BB983C7}.Debug|Any CPU.Build.0 = Debug|Any CPU
		{74FD82E8-D4A0-4BF4-8EC2-1FC29BB983C7}.Debug|iPhone.ActiveCfg = Debug|Any CPU
		{74FD82E8-D4A0-4BF4-8EC2-1FC29BB983C7}.Debug|iPhone.Build.0 = Debug|Any CPU
		{74FD82E8-D4A0-4BF4-8EC2-1FC29BB983C7}.Debug|iPhoneSimulator.ActiveCfg = Debug|Any CPU
		{74FD82E8-D4A0-4BF4-8EC2-1FC29BB983C7}.Debug|iPhoneSimulator.Build.0 = Debug|Any CPU
		{74FD82E8-D4A0-4BF4-8EC2-1FC29BB983C7}.Release|Any CPU.ActiveCfg = Release|Any CPU
		{74FD82E8-D4A0-4BF4-8EC2-1FC29BB983C7}.Release|Any CPU.Build.0 = Release|Any CPU
		{74FD82E8-D4A0-4BF4-8EC2-1FC29BB983C7}.Release|iPhone.ActiveCfg = Release|Any CPU
		{74FD82E8-D4A0-4BF4-8EC2-1FC29BB983C7}.Release|iPhone.Build.0 = Release|Any CPU
		{74FD82E8-D4A0-4BF4-8EC2-1FC29BB983C7}.Release|iPhoneSimulator.ActiveCfg = Release|Any CPU
		{74FD82E8-D4A0-4BF4-8EC2-1FC29BB983C7}.Release|iPhoneSimulator.Build.0 = Release|Any CPU
	EndGlobalSection
	GlobalSection(SolutionProperties) = preSolution
		HideSolutionNode = FALSE
	EndGlobalSection
	GlobalSection(ExtensibilityGlobals) = postSolution
		SolutionGuid = {1466CA22-BEC0-4432-98A2-C68A8016C853}
	EndGlobalSection
EndGlobal
